// !$*UTF8*$!
{
	archiveVersion = 1;
	classes = {
	};
	objectVersion = 50;
	objects = {

/* Begin PBXBuildFile section */
		B6177B032313B9810097C48C /* AppDelegate.swift in Sources */ = {isa = PBXBuildFile; fileRef = B6177B022313B9810097C48C /* AppDelegate.swift */; };
		B6177B052313B9810097C48C /* SceneDelegate.swift in Sources */ = {isa = PBXBuildFile; fileRef = B6177B042313B9810097C48C /* SceneDelegate.swift */; };
		B6177B072313B9810097C48C /* ViewController.swift in Sources */ = {isa = PBXBuildFile; fileRef = B6177B062313B9810097C48C /* ViewController.swift */; };
		B6177B0A2313B9810097C48C /* Main.storyboard in Resources */ = {isa = PBXBuildFile; fileRef = B6177B082313B9810097C48C /* Main.storyboard */; };
		B6177B0D2313B9810097C48C /* CoreDataDemo.xcdatamodeld in Sources */ = {isa = PBXBuildFile; fileRef = B6177B0B2313B9810097C48C /* CoreDataDemo.xcdatamodeld */; };
		B6177B0F2313B98C0097C48C /* Assets.xcassets in Resources */ = {isa = PBXBuildFile; fileRef = B6177B0E2313B98C0097C48C /* Assets.xcassets */; };
		B6177B122313B98C0097C48C /* LaunchScreen.storyboard in Resources */ = {isa = PBXBuildFile; fileRef = B6177B102313B98C0097C48C /* LaunchScreen.storyboard */; };
		B6177B1D2313B98D0097C48C /* CoreDataDemoTests.swift in Sources */ = {isa = PBXBuildFile; fileRef = B6177B1C2313B98D0097C48C /* CoreDataDemoTests.swift */; };
		B6177B282313B98D0097C48C /* CoreDataDemoUITests.swift in Sources */ = {isa = PBXBuildFile; fileRef = B6177B272313B98D0097C48C /* CoreDataDemoUITests.swift */; };
/* End PBXBuildFile section */

/* Begin PBXContainerItemProxy section */
		B6177B192313B98D0097C48C /* PBXContainerItemProxy */ = {
			isa = PBXContainerItemProxy;
			containerPortal = B6177AF72313B9810097C48C /* Project object */;
			proxyType = 1;
			remoteGlobalIDString = B6177AFE2313B9810097C48C;
			remoteInfo = CoreDataDemo;
		};
		B6177B242313B98D0097C48C /* PBXContainerItemProxy */ = {
			isa = PBXContainerItemProxy;
			containerPortal = B6177AF72313B9810097C48C /* Project object */;
			proxyType = 1;
			remoteGlobalIDString = B6177AFE2313B9810097C48C;
			remoteInfo = CoreDataDemo;
		};
/* End PBXContainerItemProxy section */

/* Begin PBXFileReference section */
		B6177AFF2313B9810097C48C /* CoreDataDemo.app */ = {isa = PBXFileReference; explicitFileType = wrapper.application; includeInIndex = 0; path = CoreDataDemo.app; sourceTree = BUILT_PRODUCTS_DIR; };
		B6177B022313B9810097C48C /* AppDelegate.swift */ = {isa = PBXFileReference; lastKnownFileType = sourcecode.swift; path = AppDelegate.swift; sourceTree = "<group>"; };
		B6177B042313B9810097C48C /* SceneDelegate.swift */ = {isa = PBXFileReference; lastKnownFileType = sourcecode.swift; path = SceneDelegate.swift; sourceTree = "<group>"; };
		B6177B062313B9810097C48C /* ViewController.swift */ = {isa = PBXFileReference; lastKnownFileType = sourcecode.swift; path = ViewController.swift; sourceTree = "<group>"; };
		B6177B092313B9810097C48C /* Base */ = {isa = PBXFileReference; lastKnownFileType = file.storyboard; name = Base; path = Base.lproj/Main.storyboard; sourceTree = "<group>"; };
		B6177B0C2313B9810097C48C /* CoreDataDemo.xcdatamodel */ = {isa = PBXFileReference; lastKnownFileType = wrapper.xcdatamodel; path = CoreDataDemo.xcdatamodel; sourceTree = "<group>"; };
		B6177B0E2313B98C0097C48C /* Assets.xcassets */ = {isa = PBXFileReference; lastKnownFileType = folder.assetcatalog; path = Assets.xcassets; sourceTree = "<group>"; };
		B6177B112313B98C0097C48C /* Base */ = {isa = PBXFileReference; lastKnownFileType = file.storyboard; name = Base; path = Base.lproj/LaunchScreen.storyboard; sourceTree = "<group>"; };
		B6177B132313B98C0097C48C /* Info.plist */ = {isa = PBXFileReference; lastKnownFileType = text.plist.xml; path = Info.plist; sourceTree = "<group>"; };
		B6177B182313B98D0097C48C /* CoreDataDemoTests.xctest */ = {isa = PBXFileReference; explicitFileType = wrapper.cfbundle; includeInIndex = 0; path = CoreDataDemoTests.xctest; sourceTree = BUILT_PRODUCTS_DIR; };
		B6177B1C2313B98D0097C48C /* CoreDataDemoTests.swift */ = {isa = PBXFileReference; lastKnownFileType = sourcecode.swift; path = CoreDataDemoTests.swift; sourceTree = "<group>"; };
		B6177B1E2313B98D0097C48C /* Info.plist */ = {isa = PBXFileReference; lastKnownFileType = text.plist.xml; path = Info.plist; sourceTree = "<group>"; };
		B6177B232313B98D0097C48C /* CoreDataDemoUITests.xctest */ = {isa = PBXFileReference; explicitFileType = wrapper.cfbundle; includeInIndex = 0; path = CoreDataDemoUITests.xctest; sourceTree = BUILT_PRODUCTS_DIR; };
		B6177B272313B98D0097C48C /* CoreDataDemoUITests.swift */ = {isa = PBXFileReference; lastKnownFileType = sourcecode.swift; path = CoreDataDemoUITests.swift; sourceTree = "<group>"; };
		B6177B292313B98D0097C48C /* Info.plist */ = {isa = PBXFileReference; lastKnownFileType = text.plist.xml; path = Info.plist; sourceTree = "<group>"; };
/* End PBXFileReference section */

/* Begin PBXFrameworksBuildPhase section */
		B6177AFC2313B9810097C48C /* Frameworks */ = {
			isa = PBXFrameworksBuildPhase;
			buildActionMask = 2147483647;
			files = (
			);
			runOnlyForDeploymentPostprocessing = 0;
		};
		B6177B152313B98D0097C48C /* Frameworks */ = {
			isa = PBXFrameworksBuildPhase;
			buildActionMask = 2147483647;
			files = (
			);
			runOnlyForDeploymentPostprocessing = 0;
		};
		B6177B202313B98D0097C48C /* Frameworks */ = {
			isa = PBXFrameworksBuildPhase;
			buildActionMask = 2147483647;
			files = (
			);
			runOnlyForDeploymentPostprocessing = 0;
		};
/* End PBXFrameworksBuildPhase section */

/* Begin PBXGroup section */
		B6177AF62313B9810097C48C = {
			isa = PBXGroup;
			children = (
				B6177B012313B9810097C48C /* CoreDataDemo */,
				B6177B1B2313B98D0097C48C /* CoreDataDemoTests */,
				B6177B262313B98D0097C48C /* CoreDataDemoUITests */,
				B6177B002313B9810097C48C /* Products */,
			);
			sourceTree = "<group>";
		};
		B6177B002313B9810097C48C /* Products */ = {
			isa = PBXGroup;
			children = (
				B6177AFF2313B9810097C48C /* CoreDataDemo.app */,
				B6177B182313B98D0097C48C /* CoreDataDemoTests.xctest */,
				B6177B232313B98D0097C48C /* CoreDataDemoUITests.xctest */,
			);
			name = Products;
			sourceTree = "<group>";
		};
		B6177B012313B9810097C48C /* CoreDataDemo */ = {
			isa = PBXGroup;
			children = (
				B6177B022313B9810097C48C /* AppDelegate.swift */,
				B6177B042313B9810097C48C /* SceneDelegate.swift */,
				B6177B062313B9810097C48C /* ViewController.swift */,
				B6177B082313B9810097C48C /* Main.storyboard */,
				B6177B0E2313B98C0097C48C /* Assets.xcassets */,
				B6177B102313B98C0097C48C /* LaunchScreen.storyboard */,
				B6177B132313B98C0097C48C /* Info.plist */,
				B6177B0B2313B9810097C48C /* CoreDataDemo.xcdatamodeld */,
			);
			path = CoreDataDemo;
			sourceTree = "<group>";
		};
		B6177B1B2313B98D0097C48C /* CoreDataDemoTests */ = {
			isa = PBXGroup;
			children = (
				B6177B1C2313B98D0097C48C /* CoreDataDemoTests.swift */,
				B6177B1E2313B98D0097C48C /* Info.plist */,
			);
			path = CoreDataDemoTests;
			sourceTree = "<group>";
		};
		B6177B262313B98D0097C48C /* CoreDataDemoUITests */ = {
			isa = PBXGroup;
			children = (
				B6177B272313B98D0097C48C /* CoreDataDemoUITests.swift */,
				B6177B292313B98D0097C48C /* Info.plist */,
			);
			path = CoreDataDemoUITests;
			sourceTree = "<group>";
		};
/* End PBXGroup section */

/* Begin PBXNativeTarget section */
		B6177AFE2313B9810097C48C /* CoreDataDemo */ = {
			isa = PBXNativeTarget;
			buildConfigurationList = B6177B2C2313B98D0097C48C /* Build configuration list for PBXNativeTarget "CoreDataDemo" */;
			buildPhases = (
				B6177AFB2313B9810097C48C /* Sources */,
				B6177AFC2313B9810097C48C /* Frameworks */,
				B6177AFD2313B9810097C48C /* Resources */,
			);
			buildRules = (
			);
			dependencies = (
			);
			name = CoreDataDemo;
			productName = CoreDataDemo;
			productReference = B6177AFF2313B9810097C48C /* CoreDataDemo.app */;
			productType = "com.apple.product-type.application";
		};
		B6177B172313B98D0097C48C /* CoreDataDemoTests */ = {
			isa = PBXNativeTarget;
			buildConfigurationList = B6177B2F2313B98D0097C48C /* Build configuration list for PBXNativeTarget "CoreDataDemoTests" */;
			buildPhases = (
				B6177B142313B98D0097C48C /* Sources */,
				B6177B152313B98D0097C48C /* Frameworks */,
				B6177B162313B98D0097C48C /* Resources */,
			);
			buildRules = (
			);
			dependencies = (
				B6177B1A2313B98D0097C48C /* PBXTargetDependency */,
			);
			name = CoreDataDemoTests;
			productName = CoreDataDemoTests;
			productReference = B6177B182313B98D0097C48C /* CoreDataDemoTests.xctest */;
			productType = "com.apple.product-type.bundle.unit-test";
		};
		B6177B222313B98D0097C48C /* CoreDataDemoUITests */ = {
			isa = PBXNativeTarget;
			buildConfigurationList = B6177B322313B98D0097C48C /* Build configuration list for PBXNativeTarget "CoreDataDemoUITests" */;
			buildPhases = (
				B6177B1F2313B98D0097C48C /* Sources */,
				B6177B202313B98D0097C48C /* Frameworks */,
				B6177B212313B98D0097C48C /* Resources */,
			);
			buildRules = (
			);
			dependencies = (
				B6177B252313B98D0097C48C /* PBXTargetDependency */,
			);
			name = CoreDataDemoUITests;
			productName = CoreDataDemoUITests;
			productReference = B6177B232313B98D0097C48C /* CoreDataDemoUITests.xctest */;
			productType = "com.apple.product-type.bundle.ui-testing";
		};
/* End PBXNativeTarget section */

/* Begin PBXProject section */
		B6177AF72313B9810097C48C /* Project object */ = {
			isa = PBXProject;
			attributes = {
				LastSwiftUpdateCheck = 1100;
				LastUpgradeCheck = 1100;
				ORGANIZATIONNAME = "Manas Mishra";
				TargetAttributes = {
					B6177AFE2313B9810097C48C = {
						CreatedOnToolsVersion = 11.0;
					};
					B6177B172313B98D0097C48C = {
						CreatedOnToolsVersion = 11.0;
						TestTargetID = B6177AFE2313B9810097C48C;
					};
					B6177B222313B98D0097C48C = {
						CreatedOnToolsVersion = 11.0;
						TestTargetID = B6177AFE2313B9810097C48C;
					};
				};
			};
			buildConfigurationList = B6177AFA2313B9810097C48C /* Build configuration list for PBXProject "CoreDataDemo" */;
			compatibilityVersion = "Xcode 9.3";
			developmentRegion = en;
			hasScannedForEncodings = 0;
			knownRegions = (
				en,
				Base,
			);
			mainGroup = B6177AF62313B9810097C48C;
			productRefGroup = B6177B002313B9810097C48C /* Products */;
			projectDirPath = "";
			projectRoot = "";
			targets = (
				B6177AFE2313B9810097C48C /* CoreDataDemo */,
				B6177B172313B98D0097C48C /* CoreDataDemoTests */,
				B6177B222313B98D0097C48C /* CoreDataDemoUITests */,
			);
		};
/* End PBXProject section */

/* Begin PBXResourcesBuildPhase section */
		B6177AFD2313B9810097C48C /* Resources */ = {
			isa = PBXResourcesBuildPhase;
			buildActionMask = 2147483647;
			files = (
				B6177B122313B98C0097C48C /* LaunchScreen.storyboard in Resources */,
				B6177B0F2313B98C0097C48C /* Assets.xcassets in Resources */,
				B6177B0A2313B9810097C48C /* Main.storyboard in Resources */,
			);
			runOnlyForDeploymentPostprocessing = 0;
		};
		B6177B162313B98D0097C48C /* Resources */ = {
			isa = PBXResourcesBuildPhase;
			buildActionMask = 2147483647;
			files = (
			);
			runOnlyForDeploymentPostprocessing = 0;
		};
		B6177B212313B98D0097C48C /* Resources */ = {
			isa = PBXResourcesBuildPhase;
			buildActionMask = 2147483647;
			files = (
			);
			runOnlyForDeploymentPostprocessing = 0;
		};
/* End PBXResourcesBuildPhase section */

/* Begin PBXSourcesBuildPhase section */
		B6177AFB2313B9810097C48C /* Sources */ = {
			isa = PBXSourcesBuildPhase;
			buildActionMask = 2147483647;
			files = (
				B6177B072313B9810097C48C /* ViewController.swift in Sources */,
				B6177B0D2313B9810097C48C /* CoreDataDemo.xcdatamodeld in Sources */,
				B6177B032313B9810097C48C /* AppDelegate.swift in Sources */,
				B6177B052313B9810097C48C /* SceneDelegate.swift in Sources */,
			);
			runOnlyForDeploymentPostprocessing = 0;
		};
		B6177B142313B98D0097C48C /* Sources */ = {
			isa = PBXSourcesBuildPhase;
			buildActionMask = 2147483647;
			files = (
				B6177B1D2313B98D0097C48C /* CoreDataDemoTests.swift in Sources */,
			);
			runOnlyForDeploymentPostprocessing = 0;
		};
		B6177B1F2313B98D0097C48C /* Sources */ = {
			isa = PBXSourcesBuildPhase;
			buildActionMask = 2147483647;
			files = (
				B6177B282313B98D0097C48C /* CoreDataDemoUITests.swift in Sources */,
			);
			runOnlyForDeploymentPostprocessing = 0;
		};
/* End PBXSourcesBuildPhase section */

/* Begin PBXTargetDependency section */
		B6177B1A2313B98D0097C48C /* PBXTargetDependency */ = {
			isa = PBXTargetDependency;
			target = B6177AFE2313B9810097C48C /* CoreDataDemo */;
			targetProxy = B6177B192313B98D0097C48C /* PBXContainerItemProxy */;
		};
		B6177B252313B98D0097C48C /* PBXTargetDependency */ = {
			isa = PBXTargetDependency;
			target = B6177AFE2313B9810097C48C /* CoreDataDemo */;
			targetProxy = B6177B242313B98D0097C48C /* PBXContainerItemProxy */;
		};
/* End PBXTargetDependency section */

/* Begin PBXVariantGroup section */
		B6177B082313B9810097C48C /* Main.storyboard */ = {
			isa = PBXVariantGroup;
			children = (
				B6177B092313B9810097C48C /* Base */,
			);
			name = Main.storyboard;
			sourceTree = "<group>";
		};
		B6177B102313B98C0097C48C /* LaunchScreen.storyboard */ = {
			isa = PBXVariantGroup;
			children = (
				B6177B112313B98C0097C48C /* Base */,
			);
			name = LaunchScreen.storyboard;
			sourceTree = "<group>";
		};
/* End PBXVariantGroup section */

/* Begin XCBuildConfiguration section */
		B6177B2A2313B98D0097C48C /* Debug */ = {
			isa = XCBuildConfiguration;
			buildSettings = {
				ALWAYS_SEARCH_USER_PATHS = NO;
				CLANG_ANALYZER_NONNULL = YES;
				CLANG_ANALYZER_NUMBER_OBJECT_CONVERSION = YES_AGGRESSIVE;
				CLANG_CXX_LANGUAGE_STANDARD = "gnu++14";
				CLANG_CXX_LIBRARY = "libc++";
				CLANG_ENABLE_MODULES = YES;
				CLANG_ENABLE_OBJC_ARC = YES;
				CLANG_ENABLE_OBJC_WEAK = YES;
				CLANG_WARN_BLOCK_CAPTURE_AUTORELEASING = YES;
				CLANG_WARN_BOOL_CONVERSION = YES;
				CLANG_WARN_COMMA = YES;
				CLANG_WARN_CONSTANT_CONVERSION = YES;
				CLANG_WARN_DEPRECATED_OBJC_IMPLEMENTATIONS = YES;
				CLANG_WARN_DIRECT_OBJC_ISA_USAGE = YES_ERROR;
				CLANG_WARN_DOCUMENTATION_COMMENTS = YES;
				CLANG_WARN_EMPTY_BODY = YES;
				CLANG_WARN_ENUM_CONVERSION = YES;
				CLANG_WARN_INFINITE_RECURSION = YES;
				CLANG_WARN_INT_CONVERSION = YES;
				CLANG_WARN_NON_LITERAL_NULL_CONVERSION = YES;
				CLANG_WARN_OBJC_IMPLICIT_RETAIN_SELF = YES;
				CLANG_WARN_OBJC_LITERAL_CONVERSION = YES;
				CLANG_WARN_OBJC_ROOT_CLASS = YES_ERROR;
				CLANG_WARN_RANGE_LOOP_ANALYSIS = YES;
				CLANG_WARN_STRICT_PROTOTYPES = YES;
				CLANG_WARN_SUSPICIOUS_MOVE = YES;
				CLANG_WARN_UNGUARDED_AVAILABILITY = YES_AGGRESSIVE;
				CLANG_WARN_UNREACHABLE_CODE = YES;
				CLANG_WARN__DUPLICATE_METHOD_MATCH = YES;
				COPY_PHASE_STRIP = NO;
				DEBUG_INFORMATION_FORMAT = dwarf;
				ENABLE_STRICT_OBJC_MSGSEND = YES;
				ENABLE_TESTABILITY = YES;
				GCC_C_LANGUAGE_STANDARD = gnu11;
				GCC_DYNAMIC_NO_PIC = NO;
				GCC_NO_COMMON_BLOCKS = YES;
				GCC_OPTIMIZATION_LEVEL = 0;
				GCC_PREPROCESSOR_DEFINITIONS = (
					"DEBUG=1",
					"$(inherited)",
				);
				GCC_WARN_64_TO_32_BIT_CONVERSION = YES;
				GCC_WARN_ABOUT_RETURN_TYPE = YES_ERROR;
				GCC_WARN_UNDECLARED_SELECTOR = YES;
				GCC_WARN_UNINITIALIZED_AUTOS = YES_AGGRESSIVE;
				GCC_WARN_UNUSED_FUNCTION = YES;
				GCC_WARN_UNUSED_VARIABLE = YES;
				IPHONEOS_DEPLOYMENT_TARGET = 13.0;
				MTL_ENABLE_DEBUG_INFO = INCLUDE_SOURCE;
				MTL_FAST_MATH = YES;
				ONLY_ACTIVE_ARCH = YES;
				SDKROOT = iphoneos;
				SWIFT_ACTIVE_COMPILATION_CONDITIONS = DEBUG;
				SWIFT_OPTIMIZATION_LEVEL = "-Onone";
			};
			name = Debug;
		};
		B6177B2B2313B98D0097C48C /* Release */ = {
			isa = XCBuildConfiguration;
			buildSettings = {
				ALWAYS_SEARCH_USER_PATHS = NO;
				CLANG_ANALYZER_NONNULL = YES;
				CLANG_ANALYZER_NUMBER_OBJECT_CONVERSION = YES_AGGRESSIVE;
				CLANG_CXX_LANGUAGE_STANDARD = "gnu++14";
				CLANG_CXX_LIBRARY = "libc++";
				CLANG_ENABLE_MODULES = YES;
				CLANG_ENABLE_OBJC_ARC = YES;
				CLANG_ENABLE_OBJC_WEAK = YES;
				CLANG_WARN_BLOCK_CAPTURE_AUTORELEASING = YES;
				CLANG_WARN_BOOL_CONVERSION = YES;
				CLANG_WARN_COMMA = YES;
				CLANG_WARN_CONSTANT_CONVERSION = YES;
				CLANG_WARN_DEPRECATED_OBJC_IMPLEMENTATIONS = YES;
				CLANG_WARN_DIRECT_OBJC_ISA_USAGE = YES_ERROR;
				CLANG_WARN_DOCUMENTATION_COMMENTS = YES;
				CLANG_WARN_EMPTY_BODY = YES;
				CLANG_WARN_ENUM_CONVERSION = YES;
				CLANG_WARN_INFINITE_RECURSION = YES;
				CLANG_WARN_INT_CONVERSION = YES;
				CLANG_WARN_NON_LITERAL_NULL_CONVERSION = YES;
				CLANG_WARN_OBJC_IMPLICIT_RETAIN_SELF = YES;
				CLANG_WARN_OBJC_LITERAL_CONVERSION = YES;
				CLANG_WARN_OBJC_ROOT_CLASS = YES_ERROR;
				CLANG_WARN_RANGE_LOOP_ANALYSIS = YES;
				CLANG_WARN_STRICT_PROTOTYPES = YES;
				CLANG_WARN_SUSPICIOUS_MOVE = YES;
				CLANG_WARN_UNGUARDED_AVAILABILITY = YES_AGGRESSIVE;
				CLANG_WARN_UNREACHABLE_CODE = YES;
				CLANG_WARN__DUPLICATE_METHOD_MATCH = YES;
				COPY_PHASE_STRIP = NO;
				DEBUG_INFORMATION_FORMAT = "dwarf-with-dsym";
				ENABLE_NS_ASSERTIONS = NO;
				ENABLE_STRICT_OBJC_MSGSEND = YES;
				GCC_C_LANGUAGE_STANDARD = gnu11;
				GCC_NO_COMMON_BLOCKS = YES;
				GCC_WARN_64_TO_32_BIT_CONVERSION = YES;
				GCC_WARN_ABOUT_RETURN_TYPE = YES_ERROR;
				GCC_WARN_UNDECLARED_SELECTOR = YES;
				GCC_WARN_UNINITIALIZED_AUTOS = YES_AGGRESSIVE;
				GCC_WARN_UNUSED_FUNCTION = YES;
				GCC_WARN_UNUSED_VARIABLE = YES;
				IPHONEOS_DEPLOYMENT_TARGET = 13.0;
				MTL_ENABLE_DEBUG_INFO = NO;
				MTL_FAST_MATH = YES;
				SDKROOT = iphoneos;
				SWIFT_COMPILATION_MODE = wholemodule;
				SWIFT_OPTIMIZATION_LEVEL = "-O";
				VALIDATE_PRODUCT = YES;
			};
			name = Release;
		};
		B6177B2D2313B98D0097C48C /* Debug */ = {
			isa = XCBuildConfiguration;
			buildSettings = {
				ASSETCATALOG_COMPILER_APPICON_NAME = AppIcon;
				CODE_SIGN_STYLE = Automatic;
				DEVELOPMENT_TEAM = SYLNKVDPN7;
				INFOPLIST_FILE = CoreDataDemo/Info.plist;
				LD_RUNPATH_SEARCH_PATHS = (
					"$(inherited)",
					"@executable_path/Frameworks",
				);
				PRODUCT_BUNDLE_IDENTIFIER = Test1234.CoreDataDemo;
				PRODUCT_NAME = "$(TARGET_NAME)";
				SWIFT_VERSION = 5.0;
				TARGETED_DEVICE_FAMILY = "1,2";
			};
			name = Debug;
		};
		B6177B2E2313B98D0097C48C /* Release */ = {
			isa = XCBuildConfiguration;
			buildSettings = {
				ASSETCATALOG_COMPILER_APPICON_NAME = AppIcon;
				CODE_SIGN_STYLE = Automatic;
				DEVELOPMENT_TEAM = SYLNKVDPN7;
				INFOPLIST_FILE = CoreDataDemo/Info.plist;
				LD_RUNPATH_SEARCH_PATHS = (
					"$(inherited)",
					"@executable_path/Frameworks",
				);
				PRODUCT_BUNDLE_IDENTIFIER = Test1234.CoreDataDemo;
				PRODUCT_NAME = "$(TARGET_NAME)";
				SWIFT_VERSION = 5.0;
				TARGETED_DEVICE_FAMILY = "1,2";
			};
			name = Release;
		};
		B6177B302313B98D0097C48C /* Debug */ = {
			isa = XCBuildConfiguration;
			buildSettings = {
				ALWAYS_EMBED_SWIFT_STANDARD_LIBRARIES = YES;
				BUNDLE_LOADER = "$(TEST_HOST)";
				CODE_SIGN_STYLE = Automatic;
				DEVELOPMENT_TEAM = SYLNKVDPN7;
				INFOPLIST_FILE = CoreDataDemoTests/Info.plist;
				LD_RUNPATH_SEARCH_PATHS = (
					"$(inherited)",
					"@executable_path/Frameworks",
					"@loader_path/Frameworks",
				);
				PRODUCT_BUNDLE_IDENTIFIER = Test1234.CoreDataDemoTests;
				PRODUCT_NAME = "$(TARGET_NAME)";
				SWIFT_VERSION = 5.0;
				TARGETED_DEVICE_FAMILY = "1,2";
				TEST_HOST = "$(BUILT_PRODUCTS_DIR)/CoreDataDemo.app/CoreDataDemo";
			};
			name = Debug;
		};
		B6177B312313B98D0097C48C /* Release */ = {
			isa = XCBuildConfiguration;
			buildSettings = {
				ALWAYS_EMBED_SWIFT_STANDARD_LIBRARIES = YES;
				BUNDLE_LOADER = "$(TEST_HOST)";
				CODE_SIGN_STYLE = Automatic;
				DEVELOPMENT_TEAM = SYLNKVDPN7;
				INFOPLIST_FILE = CoreDataDemoTests/Info.plist;
				LD_RUNPATH_SEARCH_PATHS = (
					"$(inherited)",
					"@executable_path/Frameworks",
					"@loader_path/Frameworks",
				);
				PRODUCT_BUNDLE_IDENTIFIER = Test1234.CoreDataDemoTests;
				PRODUCT_NAME = "$(TARGET_NAME)";
				SWIFT_VERSION = 5.0;
				TARGETED_DEVICE_FAMILY = "1,2";
				TEST_HOST = "$(BUILT_PRODUCTS_DIR)/CoreDataDemo.app/CoreDataDemo";
			};
			name = Release;
		};
		B6177B332313B98D0097C48C /* Debug */ = {
			isa = XCBuildConfiguration;
			buildSettings = {
				ALWAYS_EMBED_SWIFT_STANDARD_LIBRARIES = YES;
				CODE_SIGN_STYLE = Automatic;
				DEVELOPMENT_TEAM = SYLNKVDPN7;
				INFOPLIST_FILE = CoreDataDemoUITests/Info.plist;
				LD_RUNPATH_SEARCH_PATHS = (
					"$(inherited)",
					"@executable_path/Frameworks",
					"@loader_path/Frameworks",
				);
				PRODUCT_BUNDLE_IDENTIFIER = Test1234.CoreDataDemoUITests;
				PRODUCT_NAME = "$(TARGET_NAME)";
				SWIFT_VERSION = 5.0;
				TARGETED_DEVICE_FAMILY = "1,2";
				TEST_TARGET_NAME = CoreDataDemo;
			};
			name = Debug;
		};
		B6177B342313B98D0097C48C /* Release */ = {
			isa = XCBuildConfiguration;
			buildSettings = {
				ALWAYS_EMBED_SWIFT_STANDARD_LIBRARIES = YES;
				CODE_SIGN_STYLE = Automatic;
				DEVELOPMENT_TEAM = SYLNKVDPN7;
				INFOPLIST_FILE = CoreDataDemoUITests/Info.plist;
				LD_RUNPATH_SEARCH_PATHS = (
					"$(inherited)",
					"@executable_path/Frameworks",
					"@loader_path/Frameworks",
				);
				PRODUCT_BUNDLE_IDENTIFIER = Test1234.CoreDataDemoUITests;
				PRODUCT_NAME = "$(TARGET_NAME)";
				SWIFT_VERSION = 5.0;
				TARGETED_DEVICE_FAMILY = "1,2";
				TEST_TARGET_NAME = CoreDataDemo;
			};
			name = Release;
		};
/* End XCBuildConfiguration section */

/* Begin XCConfigurationList section */
		B6177AFA2313B9810097C48C /* Build configuration list for PBXProject "CoreDataDemo" */ = {
			isa = XCConfigurationList;
			buildConfigurations = (
				B6177B2A2313B98D0097C48C /* Debug */,
				B6177B2B2313B98D0097C48C /* Release */,
			);
			defaultConfigurationIsVisible = 0;
			defaultConfigurationName = Release;
		};
		B6177B2C2313B98D0097C48C /* Build configuration list for PBXNativeTarget "CoreDataDemo" */ = {
			isa = XCConfigurationList;
			buildConfigurations = (
				B6177B2D2313B98D0097C48C /* Debug */,
				B6177B2E2313B98D0097C48C /* Release */,
			);
			defaultConfigurationIsVisible = 0;
			defaultConfigurationName = Release;
		};
		B6177B2F2313B98D0097C48C /* Build configuration list for PBXNativeTarget "CoreDataDemoTests" */ = {
			isa = XCConfigurationList;
			buildConfigurations = (
				B6177B302313B98D0097C48C /* Debug */,
				B6177B312313B98D0097C48C /* Release */,
			);
			defaultConfigurationIsVisible = 0;
			defaultConfigurationName = Release;
		};
		B6177B322313B98D0097C48C /* Build configuration list for PBXNativeTarget "CoreDataDemoUITests" */ = {
			isa = XCConfigurationList;
			buildConfigurations = (
				B6177B332313B98D0097C48C /* Debug */,
				B6177B342313B98D0097C48C /* Release */,
			);
			defaultConfigurationIsVisible = 0;
			defaultConfigurationName = Release;
		};
/* End XCConfigurationList section */

/* Begin XCVersionGroup section */
		B6177B0B2313B9810097C48C /* CoreDataDemo.xcdatamodeld */ = {
			isa = XCVersionGroup;
			children = (
				B6177B0C2313B9810097C48C /* CoreDataDemo.xcdatamodel */,
			);
			currentVersion = B6177B0C2313B9810097C48C /* CoreDataDemo.xcdatamodel */;
			path = CoreDataDemo.xcdatamodeld;
			sourceTree = "<group>";
			versionGroupType = wrapper.xcdatamodel;
		};
/* End XCVersionGroup section */
	};
	rootObject = B6177AF72313B9810097C48C /* Project object */;
}
